
Microsoft Visual Studio Solution File, Format Version 12.00
# Visual Studio Version 17
VisualStudioVersion = 17.5.002.0
MinimumVisualStudioVersion = 10.0.40219.1
Project("{9A19103F-16F7-4668-BE54-9A1E7A4F7556}") = "api", "api\api.csproj", "{F2138C37-FEC2-409B-A892-91E3F97FF426}"
EndProject
Global
	GlobalSection(SolutionConfigurationPlatforms) = preSolution
		Debug|Any CPU = Debug|Any CPU
		Release|Any CPU = Release|Any CPU
	EndGlobalSection
	GlobalSection(ProjectConfigurationPlatforms) = postSolution
		{F2138C37-FEC2-409B-A892-91E3F97FF426}.Debug|Any CPU.ActiveCfg = Debug|Any CPU
		{F2138C37-FEC2-409B-A892-91E3F97FF426}.Debug|Any CPU.Build.0 = Debug|Any CPU
		{F2138C37-FEC2-409B-A892-91E3F97FF426}.Release|Any CPU.ActiveCfg = Release|Any CPU
		{F2138C37-FEC2-409B-A892-91E3F97FF426}.Release|Any CPU.Build.0 = Release|Any CPU
	EndGlobalSection
	GlobalSection(SolutionProperties) = preSolution
		HideSolutionNode = FALSE
	EndGlobalSection
	GlobalSection(ExtensibilityGlobals) = postSolution
		SolutionGuid = {64F8A673-F3FF-4D7A-8473-6BFE78720292}
	EndGlobalSection
EndGlobal
